{
  "originHash" : "861c966854ca92f3cc6cb29b61dbf9aac0b7776dd773c1a102b57b4bd6ad1fed",
  "pins" : [
    {
      "identity" : "purchases-ios",
      "kind" : "remoteSourceControl",
      "location" : "https://github.com/RevenueCat/purchases-ios.git",
      "state" : {
        "revision" : "27eae63e68557b7866d29c53d8159aa9f2887c2f",
        "version" : "5.14.0"
      }
    }
  ],
  "version" : 3
}
